lockfileVersion: '9.0'

settings:
  autoInstallPeers: true
  excludeLinksFromLockfile: false

importers:

  .:
    devDependencies:
      '@total-typescript/tsconfig':
        specifier: ^1.0.4
        version: 1.0.4
      oxlint:
        specifier: ^0.15.0
        version: 0.15.15
      prettier:
        specifier: ^3.2.0
        version: 3.7.4
      prettier-plugin-astro:
        specifier: ^0.13.0
        version: 0.13.0
      turbo:
        specifier: ^2.3.0
        version: 2.7.3
      typescript:
        specifier: ^5.4.0
        version: 5.9.3

  packages/oxlint-config: {}

  packages/typescript-config:
    dependencies:
      '@total-typescript/tsconfig':
        specifier: ^1.0.4
        version: 1.0.4

packages:

  '@astrojs/compiler@1.8.2':
    resolution: {integrity: sha512-o/ObKgtMzl8SlpIdzaxFnt7SATKPxu4oIP/1NL+HDJRzxfJcAkOTAb/ZKMRyULbz4q+1t2/DAebs2Z1QairkZw==}

  '@oxlint/darwin-arm64@0.15.15':
    resolution: {integrity: sha512-7GOyGM6D36lUhsOvavAVpF72SycPVG0Enunx0bzv8g0+9TklzOSFN3FJlZjLst14VPdZWujZMLgkQC7tOp+Rwg==}
    cpu: [arm64]
    os: [darwin]

  '@oxlint/darwin-x64@0.15.15':
    resolution: {integrity: sha512-pbrnYFwMn/fuX0z3IeQ05Nvo/b1zGxjmmWgkrQSDwYHxBxP6NT41hk1pmqkcA+v53xk9wvOa/6vBBI/U30F8Ow==}
    cpu: [x64]
    os: [darwin]

  '@oxlint/linux-arm64-gnu@0.15.15':
    resolution: {integrity: sha512-QWjG3YVsDlIvDTBUPmtPiyqP34ZQpFJqQh2JO94pBih11lFxQ0IGVMEXDhmW3WdiSFPZSJsZGzWynalM9eg+RA==}
    cpu: [arm64]
    os: [linux]

  '@oxlint/linux-arm64-musl@0.15.15':
    resolution: {integrity: sha512-4W0YsmMSbNzzExOWhk+6zNfmJEmKFqSjFIn8CKLtYFvH8kF6KjoW4/0HNsDNYW5Fz+KOut/2JgkvxAiKH+r0zA==}
    cpu: [arm64]
    os: [linux]

  '@oxlint/linux-x64-gnu@0.15.15':
    resolution: {integrity: sha512-agP3e+eQ6tE5tqN6VI4Uukx2yvjwYFjtrDMcB19J7PmGOaFRwuMuT0sNWK/9guvhuS9aCINNZTi3kEhMy9Qgng==}
    cpu: [x64]
    os: [linux]

  '@oxlint/linux-x64-musl@0.15.15':
    resolution: {integrity: sha512-L2qE9NhhUafsJOO4pofLx/0hW5IB0sfJa6bS85q0j+ySaI0f3CxMaAadrZLFSuqHWB3oF18B5yvzaPWsc2ohbQ==}
    cpu: [x64]
    os: [linux]

  '@oxlint/win32-arm64@0.15.15':
    resolution: {integrity: sha512-B7f4VAS/E78n8zy6XZlNeyYOtWTel4BJn/22Ap2yEAlNzO34ot8dGfpLk6MqTUWJrRnARwVBVmc3wRVrsOT5yg==}
    cpu: [arm64]
    os: [win32]

  '@oxlint/win32-x64@0.15.15':
    resolution: {integrity: sha512-ZM9T3/OpaQ3qvrk/VuHO2EQmhNH4cOZdr/b/Ju9VKwBr+ahhqMn3W5srrplWQWxfsb0yd1yBj7iD0jdAps2iLg==}
    cpu: [x64]
    os: [win32]

  '@total-typescript/tsconfig@1.0.4':
    resolution: {integrity: sha512-fO4ctMPGz1kOFOQ4RCPBRBfMy3gDn+pegUfrGyUFRMv/Rd0ZM3/SHH3hFCYG4u6bPLG8OlmOGcBLDexvyr3A5w==}

  oxlint@0.15.15:
    resolution: {integrity: sha512-oQNc1mAHrrbKiXyKJMGs9VCZfwGfLy7YiQKa4qupi71X/u4xyWqOh36YKXqWOXnmm2y7vfWFpGZlhJPAa9tMqA==}
    engines: {node: '>=8.*'}
    hasBin: true

  prettier-plugin-astro@0.13.0:
    resolution: {integrity: sha512-5HrJNnPmZqTUNoA97zn4gNQv9BgVhv+et03314WpQ9H9N8m2L9OSV798olwmG2YLXPl1iSstlJCR1zB3x5xG4g==}
    engines: {node: ^14.15.0 || >=16.0.0}

  prettier@3.7.4:
    resolution: {integrity: sha512-v6UNi1+3hSlVvv8fSaoUbggEM5VErKmmpGA7Pl3HF8V6uKY7rvClBOJlH6yNwQtfTueNkGVpOv/mtWL9L4bgRA==}
    engines: {node: '>=14'}
    hasBin: true

  s.color@0.0.15:
    resolution: {integrity: sha512-AUNrbEUHeKY8XsYr/DYpl+qk5+aM+DChopnWOPEzn8YKzOhv4l2zH6LzZms3tOZP3wwdOyc0RmTciyi46HLIuA==}

  sass-formatter@0.7.9:
    resolution: {integrity: sha512-CWZ8XiSim+fJVG0cFLStwDvft1VI7uvXdCNJYXhDvowiv+DsbD1nXLiQ4zrE5UBvj5DWZJ93cwN0NX5PMsr1Pw==}

  suf-log@2.5.3:
    resolution: {integrity: sha512-KvC8OPjzdNOe+xQ4XWJV2whQA0aM1kGVczMQ8+dStAO6KfEB140JEVQ9dE76ONZ0/Ylf67ni4tILPJB41U0eow==}

  turbo-darwin-64@2.7.3:
    resolution: {integrity: sha512-aZHhvRiRHXbJw1EcEAq4aws1hsVVUZ9DPuSFaq9VVFAKCup7niIEwc22glxb7240yYEr1vLafdQ2U294Vcwz+w==}
    cpu: [x64]
    os: [darwin]

  turbo-darwin-arm64@2.7.3:
    resolution: {integrity: sha512-CkVrHSq+Bnhl9sX2LQgqQYVfLTWC2gvI74C4758OmU0djfrssDKU9d4YQF0AYXXhIIRZipSXfxClQziIMD+EAg==}
    cpu: [arm64]
    os: [darwin]

  turbo-linux-64@2.7.3:
    resolution: {integrity: sha512-GqDsCNnzzr89kMaLGpRALyigUklzgxIrSy2pHZVXyifgczvYPnLglex78Aj3T2gu+T3trPPH2iJ+pWucVOCC2Q==}
    cpu: [x64]
    os: [linux]

  turbo-linux-arm64@2.7.3:
    resolution: {integrity: sha512-NdCDTfIcIo3dWjsiaAHlxu5gW61Ed/8maah1IAF/9E3EtX0aAHNiBMbuYLZaR4vRJ7BeVkYB6xKWRtdFLZ0y3g==}
    cpu: [arm64]
    os: [linux]

  turbo-windows-64@2.7.3:
    resolution: {integrity: sha512-7bVvO987daXGSJVYBoG8R4Q+csT1pKIgLJYZevXRQ0Hqw0Vv4mKme/TOjYXs9Qb1xMKh51Tb3bXKDbd8/4G08g==}
    cpu: [x64]
    os: [win32]

  turbo-windows-arm64@2.7.3:
    resolution: {integrity: sha512-nTodweTbPmkvwMu/a55XvjMsPtuyUSC+sV7f/SR57K36rB2I0YG21qNETN+00LOTUW9B3omd8XkiXJkt4kx/cw==}
    cpu: [arm64]
    os: [win32]

  turbo@2.7.3:
    resolution: {integrity: sha512-+HjKlP4OfYk+qzvWNETA3cUO5UuK6b5MSc2UJOKyvBceKucQoQGb2g7HlC2H1GHdkfKrk4YF1VPvROkhVZDDLQ==}
    hasBin: true

  typescript@5.9.3:
    resolution: {integrity: sha512-jl1vZzPDinLr9eUt3J/t7V6FgNEw9QjvBPdysz9KfQDD41fQrC2Y4vKQdiaUpFT4bXlb1RHhLpp8wtm6M5TgSw==}
    engines: {node: '>=14.17'}
    hasBin: true

snapshots:

  '@astrojs/compiler@1.8.2': {}

  '@oxlint/darwin-arm64@0.15.15':
    optional: true

  '@oxlint/darwin-x64@0.15.15':
    optional: true

  '@oxlint/linux-arm64-gnu@0.15.15':
    optional: true

  '@oxlint/linux-arm64-musl@0.15.15':
    optional: true

  '@oxlint/linux-x64-gnu@0.15.15':
    optional: true

  '@oxlint/linux-x64-musl@0.15.15':
    optional: true

  '@oxlint/win32-arm64@0.15.15':
    optional: true

  '@oxlint/win32-x64@0.15.15':
    optional: true

  '@total-typescript/tsconfig@1.0.4': {}

  oxlint@0.15.15:
    optionalDependencies:
      '@oxlint/darwin-arm64': 0.15.15
      '@oxlint/darwin-x64': 0.15.15
      '@oxlint/linux-arm64-gnu': 0.15.15
      '@oxlint/linux-arm64-musl': 0.15.15
      '@oxlint/linux-x64-gnu': 0.15.15
      '@oxlint/linux-x64-musl': 0.15.15
      '@oxlint/win32-arm64': 0.15.15
      '@oxlint/win32-x64': 0.15.15

  prettier-plugin-astro@0.13.0:
    dependencies:
      '@astrojs/compiler': 1.8.2
      prettier: 3.7.4
      sass-formatter: 0.7.9

  prettier@3.7.4: {}

  s.color@0.0.15: {}

  sass-formatter@0.7.9:
    dependencies:
      suf-log: 2.5.3

  suf-log@2.5.3:
    dependencies:
      s.color: 0.0.15

  turbo-darwin-64@2.7.3:
    optional: true

  turbo-darwin-arm64@2.7.3:
    optional: true

  turbo-linux-64@2.7.3:
    optional: true

  turbo-linux-arm64@2.7.3:
    optional: true

  turbo-windows-64@2.7.3:
    optional: true

  turbo-windows-arm64@2.7.3:
    optional: true

  turbo@2.7.3:
    optionalDependencies:
      turbo-darwin-64: 2.7.3
      turbo-darwin-arm64: 2.7.3
      turbo-linux-64: 2.7.3
      turbo-linux-arm64: 2.7.3
      turbo-windows-64: 2.7.3
      turbo-windows-arm64: 2.7.3

  typescript@5.9.3: {}
